// !$*UTF8*$!
{
	archiveVersion = 1;
	classes = {
	};
	objectVersion = 50;
	objects = {

/* Begin PBXBuildFile section */
		85D1B1892532118B00FC03F0 /* AppDelegate.swift in Sources */ = {isa = PBXBuildFile; fileRef = 85D1B1882532118B00FC03F0 /* AppDelegate.swift */; };
		85D1B18B2532118B00FC03F0 /* SceneDelegate.swift in Sources */ = {isa = PBXBuildFile; fileRef = 85D1B18A2532118B00FC03F0 /* SceneDelegate.swift */; };
		85D1B18D2532118B00FC03F0 /* ViewController.swift in Sources */ = {isa = PBXBuildFile; fileRef = 85D1B18C2532118B00FC03F0 /* ViewController.swift */; };
		85D1B1902532118B00FC03F0 /* Main.storyboard in Resources */ = {isa = PBXBuildFile; fileRef = 85D1B18E2532118B00FC03F0 /* Main.storyboard */; };
		85D1B1922532118E00FC03F0 /* Assets.xcassets in Resources */ = {isa = PBXBuildFile; fileRef = 85D1B1912532118E00FC03F0 /* Assets.xcassets */; };
		85D1B1952532118E00FC03F0 /* LaunchScreen.storyboard in Resources */ = {isa = PBXBuildFile; fileRef = 85D1B1932532118E00FC03F0 /* LaunchScreen.storyboard */; };
		85D1B1A02532118E00FC03F0 /* MediumGCDTests.swift in Sources */ = {isa = PBXBuildFile; fileRef = 85D1B19F2532118E00FC03F0 /* MediumGCDTests.swift */; };
		85D1B1AB2532118E00FC03F0 /* MediumGCDUITests.swift in Sources */ = {isa = PBXBuildFile; fileRef = 85D1B1AA2532118E00FC03F0 /* MediumGCDUITests.swift */; };
/* End PBXBuildFile section */

/* Begin PBXContainerItemProxy section */
		85D1B19C2532118E00FC03F0 /* PBXContainerItemProxy */ = {
			isa = PBXContainerItemProxy;
			containerPortal = 85D1B17D2532118B00FC03F0 /* Project object */;
			proxyType = 1;
			remoteGlobalIDString = 85D1B1842532118B00FC03F0;
			remoteInfo = MediumGCD;
		};
		85D1B1A72532118E00FC03F0 /* PBXContainerItemProxy */ = {
			isa = PBXContainerItemProxy;
			containerPortal = 85D1B17D2532118B00FC03F0 /* Project object */;
			proxyType = 1;
			remoteGlobalIDString = 85D1B1842532118B00FC03F0;
			remoteInfo = MediumGCD;
		};
/* End PBXContainerItemProxy section */

/* Begin PBXFileReference section */
		85D1B1852532118B00FC03F0 /* MediumGCD.app */ = {isa = PBXFileReference; explicitFileType = wrapper.application; includeInIndex = 0; path = MediumGCD.app; sourceTree = BUILT_PRODUCTS_DIR; };
		85D1B1882532118B00FC03F0 /* AppDelegate.swift */ = {isa = PBXFileReference; lastKnownFileType = sourcecode.swift; path = AppDelegate.swift; sourceTree = "<group>"; };
		85D1B18A2532118B00FC03F0 /* SceneDelegate.swift */ = {isa = PBXFileReference; lastKnownFileType = sourcecode.swift; path = SceneDelegate.swift; sourceTree = "<group>"; };
		85D1B18C2532118B00FC03F0 /* ViewController.swift */ = {isa = PBXFileReference; lastKnownFileType = sourcecode.swift; path = ViewController.swift; sourceTree = "<group>"; };
		85D1B18F2532118B00FC03F0 /* Base */ = {isa = PBXFileReference; lastKnownFileType = file.storyboard; name = Base; path = Base.lproj/Main.storyboard; sourceTree = "<group>"; };
		85D1B1912532118E00FC03F0 /* Assets.xcassets */ = {isa = PBXFileReference; lastKnownFileType = folder.assetcatalog; path = Assets.xcassets; sourceTree = "<group>"; };
		85D1B1942532118E00FC03F0 /* Base */ = {isa = PBXFileReference; lastKnownFileType = file.storyboard; name = Base; path = Base.lproj/LaunchScreen.storyboard; sourceTree = "<group>"; };
		85D1B1962532118E00FC03F0 /* Info.plist */ = {isa = PBXFileReference; lastKnownFileType = text.plist.xml; path = Info.plist; sourceTree = "<group>"; };
		85D1B19B2532118E00FC03F0 /* MediumGCDTests.xctest */ = {isa = PBXFileReference; explicitFileType = wrapper.cfbundle; includeInIndex = 0; path = MediumGCDTests.xctest; sourceTree = BUILT_PRODUCTS_DIR; };
		85D1B19F2532118E00FC03F0 /* MediumGCDTests.swift */ = {isa = PBXFileReference; lastKnownFileType = sourcecode.swift; path = MediumGCDTests.swift; sourceTree = "<group>"; };
		85D1B1A12532118E00FC03F0 /* Info.plist */ = {isa = PBXFileReference; lastKnownFileType = text.plist.xml; path = Info.plist; sourceTree = "<group>"; };
		85D1B1A62532118E00FC03F0 /* MediumGCDUITests.xctest */ = {isa = PBXFileReference; explicitFileType = wrapper.cfbundle; includeInIndex = 0; path = MediumGCDUITests.xctest; sourceTree = BUILT_PRODUCTS_DIR; };
		85D1B1AA2532118E00FC03F0 /* MediumGCDUITests.swift */ = {isa = PBXFileReference; lastKnownFileType = sourcecode.swift; path = MediumGCDUITests.swift; sourceTree = "<group>"; };
		85D1B1AC2532118E00FC03F0 /* Info.plist */ = {isa = PBXFileReference; lastKnownFileType = text.plist.xml; path = Info.plist; sourceTree = "<group>"; };
/* End PBXFileReference section */

/* Begin PBXFrameworksBuildPhase section */
		85D1B1822532118B00FC03F0 /* Frameworks */ = {
			isa = PBXFrameworksBuildPhase;
			buildActionMask = 2147483647;
			files = (
			);
			runOnlyForDeploymentPostprocessing = 0;
		};
		85D1B1982532118E00FC03F0 /* Frameworks */ = {
			isa = PBXFrameworksBuildPhase;
			buildActionMask = 2147483647;
			files = (
			);
			runOnlyForDeploymentPostprocessing = 0;
		};
		85D1B1A32532118E00FC03F0 /* Frameworks */ = {
			isa = PBXFrameworksBuildPhase;
			buildActionMask = 2147483647;
			files = (
			);
			runOnlyForDeploymentPostprocessing = 0;
		};
/* End PBXFrameworksBuildPhase section */

/* Begin PBXGroup section */
		85D1B17C2532118B00FC03F0 = {
			isa = PBXGroup;
			children = (
				85D1B1872532118B00FC03F0 /* MediumGCD */,
				85D1B19E2532118E00FC03F0 /* MediumGCDTests */,
				85D1B1A92532118E00FC03F0 /* MediumGCDUITests */,
				85D1B1862532118B00FC03F0 /* Products */,
			);
			sourceTree = "<group>";
		};
		85D1B1862532118B00FC03F0 /* Products */ = {
			isa = PBXGroup;
			children = (
				85D1B1852532118B00FC03F0 /* MediumGCD.app */,
				85D1B19B2532118E00FC03F0 /* MediumGCDTests.xctest */,
				85D1B1A62532118E00FC03F0 /* MediumGCDUITests.xctest */,
			);
			name = Products;
			sourceTree = "<group>";
		};
		85D1B1872532118B00FC03F0 /* MediumGCD */ = {
			isa = PBXGroup;
			children = (
				85D1B1882532118B00FC03F0 /* AppDelegate.swift */,
				85D1B18A2532118B00FC03F0 /* SceneDelegate.swift */,
				85D1B18C2532118B00FC03F0 /* ViewController.swift */,
				85D1B18E2532118B00FC03F0 /* Main.storyboard */,
				85D1B1912532118E00FC03F0 /* Assets.xcassets */,
				85D1B1932532118E00FC03F0 /* LaunchScreen.storyboard */,
				85D1B1962532118E00FC03F0 /* Info.plist */,
			);
			path = MediumGCD;
			sourceTree = "<group>";
		};
		85D1B19E2532118E00FC03F0 /* MediumGCDTests */ = {
			isa = PBXGroup;
			children = (
				85D1B19F2532118E00FC03F0 /* MediumGCDTests.swift */,
				85D1B1A12532118E00FC03F0 /* Info.plist */,
			);
			path = MediumGCDTests;
			sourceTree = "<group>";
		};
		85D1B1A92532118E00FC03F0 /* MediumGCDUITests */ = {
			isa = PBXGroup;
			children = (
				85D1B1AA2532118E00FC03F0 /* MediumGCDUITests.swift */,
				85D1B1AC2532118E00FC03F0 /* Info.plist */,
			);
			path = MediumGCDUITests;
			sourceTree = "<group>";
		};
/* End PBXGroup section */

/* Begin PBXNativeTarget section */
		85D1B1842532118B00FC03F0 /* MediumGCD */ = {
			isa = PBXNativeTarget;
			buildConfigurationList = 85D1B1AF2532118E00FC03F0 /* Build configuration list for PBXNativeTarget "MediumGCD" */;
			buildPhases = (
				85D1B1812532118B00FC03F0 /* Sources */,
				85D1B1822532118B00FC03F0 /* Frameworks */,
				85D1B1832532118B00FC03F0 /* Resources */,
			);
			buildRules = (
			);
			dependencies = (
			);
			name = MediumGCD;
			productName = MediumGCD;
			productReference = 85D1B1852532118B00FC03F0 /* MediumGCD.app */;
			productType = "com.apple.product-type.application";
		};
		85D1B19A2532118E00FC03F0 /* MediumGCDTests */ = {
			isa = PBXNativeTarget;
			buildConfigurationList = 85D1B1B22532118E00FC03F0 /* Build configuration list for PBXNativeTarget "MediumGCDTests" */;
			buildPhases = (
				85D1B1972532118E00FC03F0 /* Sources */,
				85D1B1982532118E00FC03F0 /* Frameworks */,
				85D1B1992532118E00FC03F0 /* Resources */,
			);
			buildRules = (
			);
			dependencies = (
				85D1B19D2532118E00FC03F0 /* PBXTargetDependency */,
			);
			name = MediumGCDTests;
			productName = MediumGCDTests;
			productReference = 85D1B19B2532118E00FC03F0 /* MediumGCDTests.xctest */;
			productType = "com.apple.product-type.bundle.unit-test";
		};
		85D1B1A52532118E00FC03F0 /* MediumGCDUITests */ = {
			isa = PBXNativeTarget;
			buildConfigurationList = 85D1B1B52532118E00FC03F0 /* Build configuration list for PBXNativeTarget "MediumGCDUITests" */;
			buildPhases = (
				85D1B1A22532118E00FC03F0 /* Sources */,
				85D1B1A32532118E00FC03F0 /* Frameworks */,
				85D1B1A42532118E00FC03F0 /* Resources */,
			);
			buildRules = (
			);
			dependencies = (
				85D1B1A82532118E00FC03F0 /* PBXTargetDependency */,
			);
			name = MediumGCDUITests;
			productName = MediumGCDUITests;
			productReference = 85D1B1A62532118E00FC03F0 /* MediumGCDUITests.xctest */;
			productType = "com.apple.product-type.bundle.ui-testing";
		};
/* End PBXNativeTarget section */

/* Begin PBXProject section */
		85D1B17D2532118B00FC03F0 /* Project object */ = {
			isa = PBXProject;
			attributes = {
				LastSwiftUpdateCheck = 1200;
				LastUpgradeCheck = 1200;
				TargetAttributes = {
					85D1B1842532118B00FC03F0 = {
						CreatedOnToolsVersion = 12.0;
					};
					85D1B19A2532118E00FC03F0 = {
						CreatedOnToolsVersion = 12.0;
						TestTargetID = 85D1B1842532118B00FC03F0;
					};
					85D1B1A52532118E00FC03F0 = {
						CreatedOnToolsVersion = 12.0;
						TestTargetID = 85D1B1842532118B00FC03F0;
					};
				};
			};
			buildConfigurationList = 85D1B1802532118B00FC03F0 /* Build configuration list for PBXProject "MediumGCD" */;
			compatibilityVersion = "Xcode 9.3";
			developmentRegion = en;
			hasScannedForEncodings = 0;
			knownRegions = (
				en,
				Base,
			);
			mainGroup = 85D1B17C2532118B00FC03F0;
			productRefGroup = 85D1B1862532118B00FC03F0 /* Products */;
			projectDirPath = "";
			projectRoot = "";
			targets = (
				85D1B1842532118B00FC03F0 /* MediumGCD */,
				85D1B19A2532118E00FC03F0 /* MediumGCDTests */,
				85D1B1A52532118E00FC03F0 /* MediumGCDUITests */,
			);
		};
/* End PBXProject section */

/* Begin PBXResourcesBuildPhase section */
		85D1B1832532118B00FC03F0 /* Resources */ = {
			isa = PBXResourcesBuildPhase;
			buildActionMask = 2147483647;
			files = (
				85D1B1952532118E00FC03F0 /* LaunchScreen.storyboard in Resources */,
				85D1B1922532118E00FC03F0 /* Assets.xcassets in Resources */,
				85D1B1902532118B00FC03F0 /* Main.storyboard in Resources */,
			);
			runOnlyForDeploymentPostprocessing = 0;
		};
		85D1B1992532118E00FC03F0 /* Resources */ = {
			isa = PBXResourcesBuildPhase;
			buildActionMask = 2147483647;
			files = (
			);
			runOnlyForDeploymentPostprocessing = 0;
		};
		85D1B1A42532118E00FC03F0 /* Resources */ = {
			isa = PBXResourcesBuildPhase;
			buildActionMask = 2147483647;
			files = (
			);
			runOnlyForDeploymentPostprocessing = 0;
		};
/* End PBXResourcesBuildPhase section */

/* Begin PBXSourcesBuildPhase section */
		85D1B1812532118B00FC03F0 /* Sources */ = {
			isa = PBXSourcesBuildPhase;
			buildActionMask = 2147483647;
			files = (
				85D1B18D2532118B00FC03F0 /* ViewController.swift in Sources */,
				85D1B1892532118B00FC03F0 /* AppDelegate.swift in Sources */,
				85D1B18B2532118B00FC03F0 /* SceneDelegate.swift in Sources */,
			);
			runOnlyForDeploymentPostprocessing = 0;
		};
		85D1B1972532118E00FC03F0 /* Sources */ = {
			isa = PBXSourcesBuildPhase;
			buildActionMask = 2147483647;
			files = (
				85D1B1A02532118E00FC03F0 /* MediumGCDTests.swift in Sources */,
			);
			runOnlyForDeploymentPostprocessing = 0;
		};
		85D1B1A22532118E00FC03F0 /* Sources */ = {
			isa = PBXSourcesBuildPhase;
			buildActionMask = 2147483647;
			files = (
				85D1B1AB2532118E00FC03F0 /* MediumGCDUITests.swift in Sources */,
			);
			runOnlyForDeploymentPostprocessing = 0;
		};
/* End PBXSourcesBuildPhase section */

/* Begin PBXTargetDependency section */
		85D1B19D2532118E00FC03F0 /* PBXTargetDependency */ = {
			isa = PBXTargetDependency;
			target = 85D1B1842532118B00FC03F0 /* MediumGCD */;
			targetProxy = 85D1B19C2532118E00FC03F0 /* PBXContainerItemProxy */;
		};
		85D1B1A82532118E00FC03F0 /* PBXTargetDependency */ = {
			isa = PBXTargetDependency;
			target = 85D1B1842532118B00FC03F0 /* MediumGCD */;
			targetProxy = 85D1B1A72532118E00FC03F0 /* PBXContainerItemProxy */;
		};
/* End PBXTargetDependency section */

/* Begin PBXVariantGroup section */
		85D1B18E2532118B00FC03F0 /* Main.storyboard */ = {
			isa = PBXVariantGroup;
			children = (
				85D1B18F2532118B00FC03F0 /* Base */,
			);
			name = Main.storyboard;
			sourceTree = "<group>";
		};
		85D1B1932532118E00FC03F0 /* LaunchScreen.storyboard */ = {
			isa = PBXVariantGroup;
			children = (
				85D1B1942532118E00FC03F0 /* Base */,
			);
			name = LaunchScreen.storyboard;
			sourceTree = "<group>";
		};
/* End PBXVariantGroup section */

/* Begin XCBuildConfiguration section */
		85D1B1AD2532118E00FC03F0 /* Debug */ = {
			isa = XCBuildConfiguration;
			buildSettings = {
				ALWAYS_SEARCH_USER_PATHS = NO;
				CLANG_ANALYZER_NONNULL = YES;
				CLANG_ANALYZER_NUMBER_OBJECT_CONVERSION = YES_AGGRESSIVE;
				CLANG_CXX_LANGUAGE_STANDARD = "gnu++14";
				CLANG_CXX_LIBRARY = "libc++";
				CLANG_ENABLE_MODULES = YES;
				CLANG_ENABLE_OBJC_ARC = YES;
				CLANG_ENABLE_OBJC_WEAK = YES;
				CLANG_WARN_BLOCK_CAPTURE_AUTORELEASING = YES;
				CLANG_WARN_BOOL_CONVERSION = YES;
				CLANG_WARN_COMMA = YES;
				CLANG_WARN_CONSTANT_CONVERSION = YES;
				CLANG_WARN_DEPRECATED_OBJC_IMPLEMENTATIONS = YES;
				CLANG_WARN_DIRECT_OBJC_ISA_USAGE = YES_ERROR;
				CLANG_WARN_DOCUMENTATION_COMMENTS = YES;
				CLANG_WARN_EMPTY_BODY = YES;
				CLANG_WARN_ENUM_CONVERSION = YES;
				CLANG_WARN_INFINITE_RECURSION = YES;
				CLANG_WARN_INT_CONVERSION = YES;
				CLANG_WARN_NON_LITERAL_NULL_CONVERSION = YES;
				CLANG_WARN_OBJC_IMPLICIT_RETAIN_SELF = YES;
				CLANG_WARN_OBJC_LITERAL_CONVERSION = YES;
				CLANG_WARN_OBJC_ROOT_CLASS = YES_ERROR;
				CLANG_WARN_QUOTED_INCLUDE_IN_FRAMEWORK_HEADER = YES;
				CLANG_WARN_RANGE_LOOP_ANALYSIS = YES;
				CLANG_WARN_STRICT_PROTOTYPES = YES;
				CLANG_WARN_SUSPICIOUS_MOVE = YES;
				CLANG_WARN_UNGUARDED_AVAILABILITY = YES_AGGRESSIVE;
				CLANG_WARN_UNREACHABLE_CODE = YES;
				CLANG_WARN__DUPLICATE_METHOD_MATCH = YES;
				COPY_PHASE_STRIP = NO;
				DEBUG_INFORMATION_FORMAT = dwarf;
				ENABLE_STRICT_OBJC_MSGSEND = YES;
				ENABLE_TESTABILITY = YES;
				GCC_C_LANGUAGE_STANDARD = gnu11;
				GCC_DYNAMIC_NO_PIC = NO;
				GCC_NO_COMMON_BLOCKS = YES;
				GCC_OPTIMIZATION_LEVEL = 0;
				GCC_PREPROCESSOR_DEFINITIONS = (
					"DEBUG=1",
					"$(inherited)",
				);
				GCC_WARN_64_TO_32_BIT_CONVERSION = YES;
				GCC_WARN_ABOUT_RETURN_TYPE = YES_ERROR;
				GCC_WARN_UNDECLARED_SELECTOR = YES;
				GCC_WARN_UNINITIALIZED_AUTOS = YES_AGGRESSIVE;
				GCC_WARN_UNUSED_FUNCTION = YES;
				GCC_WARN_UNUSED_VARIABLE = YES;
				IPHONEOS_DEPLOYMENT_TARGET = 14.0;
				MTL_ENABLE_DEBUG_INFO = INCLUDE_SOURCE;
				MTL_FAST_MATH = YES;
				ONLY_ACTIVE_ARCH = YES;
				SDKROOT = iphoneos;
				SWIFT_ACTIVE_COMPILATION_CONDITIONS = DEBUG;
				SWIFT_OPTIMIZATION_LEVEL = "-Onone";
			};
			name = Debug;
		};
		85D1B1AE2532118E00FC03F0 /* Release */ = {
			isa = XCBuildConfiguration;
			buildSettings = {
				ALWAYS_SEARCH_USER_PATHS = NO;
				CLANG_ANALYZER_NONNULL = YES;
				CLANG_ANALYZER_NUMBER_OBJECT_CONVERSION = YES_AGGRESSIVE;
				CLANG_CXX_LANGUAGE_STANDARD = "gnu++14";
				CLANG_CXX_LIBRARY = "libc++";
				CLANG_ENABLE_MODULES = YES;
				CLANG_ENABLE_OBJC_ARC = YES;
				CLANG_ENABLE_OBJC_WEAK = YES;
				CLANG_WARN_BLOCK_CAPTURE_AUTORELEASING = YES;
				CLANG_WARN_BOOL_CONVERSION = YES;
				CLANG_WARN_COMMA = YES;
				CLANG_WARN_CONSTANT_CONVERSION = YES;
				CLANG_WARN_DEPRECATED_OBJC_IMPLEMENTATIONS = YES;
				CLANG_WARN_DIRECT_OBJC_ISA_USAGE = YES_ERROR;
				CLANG_WARN_DOCUMENTATION_COMMENTS = YES;
				CLANG_WARN_EMPTY_BODY = YES;
				CLANG_WARN_ENUM_CONVERSION = YES;
				CLANG_WARN_INFINITE_RECURSION = YES;
				CLANG_WARN_INT_CONVERSION = YES;
				CLANG_WARN_NON_LITERAL_NULL_CONVERSION = YES;
				CLANG_WARN_OBJC_IMPLICIT_RETAIN_SELF = YES;
				CLANG_WARN_OBJC_LITERAL_CONVERSION = YES;
				CLANG_WARN_OBJC_ROOT_CLASS = YES_ERROR;
				CLANG_WARN_QUOTED_INCLUDE_IN_FRAMEWORK_HEADER = YES;
				CLANG_WARN_RANGE_LOOP_ANALYSIS = YES;
				CLANG_WARN_STRICT_PROTOTYPES = YES;
				CLANG_WARN_SUSPICIOUS_MOVE = YES;
				CLANG_WARN_UNGUARDED_AVAILABILITY = YES_AGGRESSIVE;
				CLANG_WARN_UNREACHABLE_CODE = YES;
				CLANG_WARN__DUPLICATE_METHOD_MATCH = YES;
				COPY_PHASE_STRIP = NO;
				DEBUG_INFORMATION_FORMAT = "dwarf-with-dsym";
				ENABLE_NS_ASSERTIONS = NO;
				ENABLE_STRICT_OBJC_MSGSEND = YES;
				GCC_C_LANGUAGE_STANDARD = gnu11;
				GCC_NO_COMMON_BLOCKS = YES;
				GCC_WARN_64_TO_32_BIT_CONVERSION = YES;
				GCC_WARN_ABOUT_RETURN_TYPE = YES_ERROR;
				GCC_WARN_UNDECLARED_SELECTOR = YES;
				GCC_WARN_UNINITIALIZED_AUTOS = YES_AGGRESSIVE;
				GCC_WARN_UNUSED_FUNCTION = YES;
				GCC_WARN_UNUSED_VARIABLE = YES;
				IPHONEOS_DEPLOYMENT_TARGET = 14.0;
				MTL_ENABLE_DEBUG_INFO = NO;
				MTL_FAST_MATH = YES;
				SDKROOT = iphoneos;
				SWIFT_COMPILATION_MODE = wholemodule;
				SWIFT_OPTIMIZATION_LEVEL = "-O";
				VALIDATE_PRODUCT = YES;
			};
			name = Release;
		};
		85D1B1B02532118E00FC03F0 /* Debug */ = {
			isa = XCBuildConfiguration;
			buildSettings = {
				ASSETCATALOG_COMPILER_APPICON_NAME = AppIcon;
				ASSETCATALOG_COMPILER_GLOBAL_ACCENT_COLOR_NAME = AccentColor;
				CODE_SIGN_STYLE = Automatic;
				DEVELOPMENT_TEAM = 594J5N6CCN;
				INFOPLIST_FILE = MediumGCD/Info.plist;
				LD_RUNPATH_SEARCH_PATHS = (
					"$(inherited)",
					"@executable_path/Frameworks",
				);
				PRODUCT_BUNDLE_IDENTIFIER = "Entangled-Mind.MediumGCD";
				PRODUCT_NAME = "$(TARGET_NAME)";
				SWIFT_VERSION = 5.0;
				TARGETED_DEVICE_FAMILY = "1,2";
			};
			name = Debug;
		};
		85D1B1B12532118E00FC03F0 /* Release */ = {
			isa = XCBuildConfiguration;
			buildSettings = {
				ASSETCATALOG_COMPILER_APPICON_NAME = AppIcon;
				ASSETCATALOG_COMPILER_GLOBAL_ACCENT_COLOR_NAME = AccentColor;
				CODE_SIGN_STYLE = Automatic;
				DEVELOPMENT_TEAM = 594J5N6CCN;
				INFOPLIST_FILE = MediumGCD/Info.plist;
				LD_RUNPATH_SEARCH_PATHS = (
					"$(inherited)",
					"@executable_path/Frameworks",
				);
				PRODUCT_BUNDLE_IDENTIFIER = "Entangled-Mind.MediumGCD";
				PRODUCT_NAME = "$(TARGET_NAME)";
				SWIFT_VERSION = 5.0;
				TARGETED_DEVICE_FAMILY = "1,2";
			};
			name = Release;
		};
		85D1B1B32532118E00FC03F0 /* Debug */ = {
			isa = XCBuildConfiguration;
			buildSettings = {
				ALWAYS_EMBED_SWIFT_STANDARD_LIBRARIES = YES;
				BUNDLE_LOADER = "$(TEST_HOST)";
				CODE_SIGN_STYLE = Automatic;
				DEVELOPMENT_TEAM = 594J5N6CCN;
				INFOPLIST_FILE = MediumGCDTests/Info.plist;
				IPHONEOS_DEPLOYMENT_TARGET = 14.0;
				LD_RUNPATH_SEARCH_PATHS = (
					"$(inherited)",
					"@executable_path/Frameworks",
					"@loader_path/Frameworks",
				);
				PRODUCT_BUNDLE_IDENTIFIER = "Entangled-Mind.MediumGCDTests";
				PRODUCT_NAME = "$(TARGET_NAME)";
				SWIFT_VERSION = 5.0;
				TARGETED_DEVICE_FAMILY = "1,2";
				TEST_HOST = "$(BUILT_PRODUCTS_DIR)/MediumGCD.app/MediumGCD";
			};
			name = Debug;
		};
		85D1B1B42532118E00FC03F0 /* Release */ = {
			isa = XCBuildConfiguration;
			buildSettings = {
				ALWAYS_EMBED_SWIFT_STANDARD_LIBRARIES = YES;
				BUNDLE_LOADER = "$(TEST_HOST)";
				CODE_SIGN_STYLE = Automatic;
				DEVELOPMENT_TEAM = 594J5N6CCN;
				INFOPLIST_FILE = MediumGCDTests/Info.plist;
				IPHONEOS_DEPLOYMENT_TARGET = 14.0;
				LD_RUNPATH_SEARCH_PATHS = (
					"$(inherited)",
					"@executable_path/Frameworks",
					"@loader_path/Frameworks",
				);
				PRODUCT_BUNDLE_IDENTIFIER = "Entangled-Mind.MediumGCDTests";
				PRODUCT_NAME = "$(TARGET_NAME)";
				SWIFT_VERSION = 5.0;
				TARGETED_DEVICE_FAMILY = "1,2";
				TEST_HOST = "$(BUILT_PRODUCTS_DIR)/MediumGCD.app/MediumGCD";
			};
			name = Release;
		};
		85D1B1B62532118E00FC03F0 /* Debug */ = {
			isa = XCBuildConfiguration;
			buildSettings = {
				ALWAYS_EMBED_SWIFT_STANDARD_LIBRARIES = YES;
				CODE_SIGN_STYLE = Automatic;
				DEVELOPMENT_TEAM = 594J5N6CCN;
				INFOPLIST_FILE = MediumGCDUITests/Info.plist;
				LD_RUNPATH_SEARCH_PATHS = (
					"$(inherited)",
					"@executable_path/Frameworks",
					"@loader_path/Frameworks",
				);
				PRODUCT_BUNDLE_IDENTIFIER = "Entangled-Mind.MediumGCDUITests";
				PRODUCT_NAME = "$(TARGET_NAME)";
				SWIFT_VERSION = 5.0;
				TARGETED_DEVICE_FAMILY = "1,2";
				TEST_TARGET_NAME = MediumGCD;
			};
			name = Debug;
		};
		85D1B1B72532118E00FC03F0 /* Release */ = {
			isa = XCBuildConfiguration;
			buildSettings = {
				ALWAYS_EMBED_SWIFT_STANDARD_LIBRARIES = YES;
				CODE_SIGN_STYLE = Automatic;
				DEVELOPMENT_TEAM = 594J5N6CCN;
				INFOPLIST_FILE = MediumGCDUITests/Info.plist;
				LD_RUNPATH_SEARCH_PATHS = (
					"$(inherited)",
					"@executable_path/Frameworks",
					"@loader_path/Frameworks",
				);
				PRODUCT_BUNDLE_IDENTIFIER = "Entangled-Mind.MediumGCDUITests";
				PRODUCT_NAME = "$(TARGET_NAME)";
				SWIFT_VERSION = 5.0;
				TARGETED_DEVICE_FAMILY = "1,2";
				TEST_TARGET_NAME = MediumGCD;
			};
			name = Release;
		};
/* End XCBuildConfiguration section */

/* Begin XCConfigurationList section */
		85D1B1802532118B00FC03F0 /* Build configuration list for PBXProject "MediumGCD" */ = {
			isa = XCConfigurationList;
			buildConfigurations = (
				85D1B1AD2532118E00FC03F0 /* Debug */,
				85D1B1AE2532118E00FC03F0 /* Release */,
			);
			defaultConfigurationIsVisible = 0;
			defaultConfigurationName = Release;
		};
		85D1B1AF2532118E00FC03F0 /* Build configuration list for PBXNativeTarget "MediumGCD" */ = {
			isa = XCConfigurationList;
			buildConfigurations = (
				85D1B1B02532118E00FC03F0 /* Debug */,
				85D1B1B12532118E00FC03F0 /* Release */,
			);
			defaultConfigurationIsVisible = 0;
			defaultConfigurationName = Release;
		};
		85D1B1B22532118E00FC03F0 /* Build configuration list for PBXNativeTarget "MediumGCDTests" */ = {
			isa = XCConfigurationList;
			buildConfigurations = (
				85D1B1B32532118E00FC03F0 /* Debug */,
				85D1B1B42532118E00FC03F0 /* Release */,
			);
			defaultConfigurationIsVisible = 0;
			defaultConfigurationName = Release;
		};
		85D1B1B52532118E00FC03F0 /* Build configuration list for PBXNativeTarget "MediumGCDUITests" */ = {
			isa = XCConfigurationList;
			buildConfigurations = (
				85D1B1B62532118E00FC03F0 /* Debug */,
				85D1B1B72532118E00FC03F0 /* Release */,
			);
			defaultConfigurationIsVisible = 0;
			defaultConfigurationName = Release;
		};
/* End XCConfigurationList section */
	};
	rootObject = 85D1B17D2532118B00FC03F0 /* Project object */;
}
